
Microsoft Visual Studio Solution File, Format Version 12.00
# Visual Studio Version 16
VisualStudioVersion = 16.0.31624.102
MinimumVisualStudioVersion = 10.0.40219.1
Project("{FAE04EC0-301F-11D3-BF4B-00C04F79EFBC}") = "sonarone", "sonarone.csproj", "{91E4EE50-7D82-46FF-80F3-BC4441496971}"
EndProject
Global
	GlobalSection(SolutionConfigurationPlatforms) = preSolution
		Debug|Any CPU = Debug|Any CPU
		Release|Any CPU = Release|Any CPU
	EndGlobalSection
	GlobalSection(ProjectConfigurationPlatforms) = postSolution
		{91E4EE50-7D82-46FF-80F3-BC4441496971}.Debug|Any CPU.ActiveCfg = Debug|Any CPU
		{91E4EE50-7D82-46FF-80F3-BC4441496971}.Debug|Any CPU.Build.0 = Debug|Any CPU
		{91E4EE50-7D82-46FF-80F3-BC4441496971}.Release|Any CPU.ActiveCfg = Release|Any CPU
		{91E4EE50-7D82-46FF-80F3-BC4441496971}.Release|Any CPU.Build.0 = Release|Any CPU
	EndGlobalSection
	GlobalSection(SolutionProperties) = preSolution
		HideSolutionNode = FALSE
	EndGlobalSection
	GlobalSection(ExtensibilityGlobals) = postSolution
		SolutionGuid = {1B976FE6-CF03-41DD-85D3-2707B2C8686E}
	EndGlobalSection
EndGlobal
